
Microsoft Visual Studio Solution File, Format Version 12.00
# Visual Studio Version 17
VisualStudioVersion = 17.2.32519.379
MinimumVisualStudioVersion = 10.0.40219.1
Project("{FAE04EC0-301F-11D3-BF4B-00C04F79EFBC}") = "ComputePrice.Api", "ComputePrice.Api.csproj", "{9F605E03-9AD5-485C-9A46-3B535996CD93}"
EndProject
Global
	GlobalSection(SolutionConfigurationPlatforms) = preSolution
		Debug|Any CPU = Debug|Any CPU
		Release|Any CPU = Release|Any CPU
	EndGlobalSection
	GlobalSection(ProjectConfigurationPlatforms) = postSolution
		{9F605E03-9AD5-485C-9A46-3B535996CD93}.Debug|Any CPU.ActiveCfg = Debug|Any CPU
		{9F605E03-9AD5-485C-9A46-3B535996CD93}.Debug|Any CPU.Build.0 = Debug|Any CPU
		{9F605E03-9AD5-485C-9A46-3B535996CD93}.Release|Any CPU.ActiveCfg = Release|Any CPU
		{9F605E03-9AD5-485C-9A46-3B535996CD93}.Release|Any CPU.Build.0 = Release|Any CPU
	EndGlobalSection
	GlobalSection(SolutionProperties) = preSolution
		HideSolutionNode = FALSE
	EndGlobalSection
	GlobalSection(ExtensibilityGlobals) = postSolution
		SolutionGuid = {773D8097-887B-4BBC-8546-27C54C9CD139}
	EndGlobalSection
EndGlobal
